PODS:
  - GTMOAuth2 (1.1.6):
    - GTMSessionFetcher (~> 1.1)
  - GTMSessionFetcher (1.2.1):
    - GTMSessionFetcher/Full (= 1.2.1)
  - GTMSessionFetcher/Core (1.2.1)
  - GTMSessionFetcher/Full (1.2.1):
    - GTMSessionFetcher/Core (= 1.2.1)
  - mailcore2-ios (0.6.4)

DEPENDENCIES:
  - GTMOAuth2
  - mailcore2-ios

SPEC REPOS:
  https://github.com/cocoapods/specs.git:
    - GTMOAuth2
    - GTMSessionFetcher
    - mailcore2-ios

SPEC CHECKSUMS:
  GTMOAuth2: e8b6512c896235149df975c41d9a36c868ab7fba
  GTMSessionFetcher: 32aeca0aa144acea523e1c8e053089dec2cb98ca
  mailcore2-ios: 3ff0be2fa553d4da9c11d39c11d51863c768f24f

PODFILE CHECKSUM: 695264892e6a8a0a807f78b2a2008783256301a9

COCOAPODS: 1.5.3
